dependencies:
- name: grafana
  repository: https://grafana.github.io/helm-charts
  version: 7.3.12
- name: loki-distributed
  repository: https://grafana.github.io/helm-charts
  version: 0.79.4
- name: mimir-distributed
  repository: https://grafana.github.io/helm-charts
  version: 5.7.0
- name: tempo-distributed
  repository: https://grafana.github.io/helm-charts
  version: 1.38.0
- name: opentelemetry-collector
  repository: https://open-telemetry.github.io/opentelemetry-helm-charts
  version: 0.120.2
digest: sha256:b35852e91f6056b467a1b1de0fb6d2146eecbad08be5f0d4deffabef62fff292
generated: "2025-04-16T17:30:11.101317+10:00"
